{
  "name": "otpackage",
  "version": "1.0.0",
  "lockfileVersion": 3,
  "requires": true,
  "packages": {
    "": {
      "name": "otpackage",
      "version": "1.0.0",
      "license": "MIT",
      "dependencies": {
        "otpackage": "^1.0.0"
      }
    },
    "node_modules/otpackage": {
      "version": "1.0.0",
      "resolved": "https://registry.npmjs.org/otpackage/-/otpackage-1.0.0.tgz",
      "integrity": "sha512-OxzEg8dI72XbqwUvesqsOUqRFfJSdWleR1wYAnfRfrmVZDcfCXtfttvgOQ/HjWKa6EL4A3caSMypCLF99AM35Q==",
      "license": "MIT"
    }
  }
}
